
Microsoft Visual Studio Solution File, Format Version 12.00
# Visual Studio Version 17
VisualStudioVersion = 17.13.36105.23 d17.13
MinimumVisualStudioVersion = 10.0.40219.1
Project("{FAE04EC0-301F-11D3-BF4B-00C04F79EFBC}") = "PaintTools", "PaintTools\PaintTools.csproj", "{E54FB0FB-11B0-4D68-BE85-DAAD2CC9455B}"
EndProject
Global
	GlobalSection(SolutionConfigurationPlatforms) = preSolution
		Debug|Any CPU = Debug|Any CPU
		Release|Any CPU = Release|Any CPU
	EndGlobalSection
	GlobalSection(ProjectConfigurationPlatforms) = postSolution
		{E54FB0FB-11B0-4D68-BE85-DAAD2CC9455B}.Debug|Any CPU.ActiveCfg = Debug|Any CPU
		{E54FB0FB-11B0-4D68-BE85-DAAD2CC9455B}.Debug|Any CPU.Build.0 = Debug|Any CPU
		{E54FB0FB-11B0-4D68-BE85-DAAD2CC9455B}.Release|Any CPU.ActiveCfg = Release|Any CPU
		{E54FB0FB-11B0-4D68-BE85-DAAD2CC9455B}.Release|Any CPU.Build.0 = Release|Any CPU
	EndGlobalSection
	GlobalSection(SolutionProperties) = preSolution
		HideSolutionNode = FALSE
	EndGlobalSection
	GlobalSection(ExtensibilityGlobals) = postSolution
		SolutionGuid = {7EF52509-E037-4221-869B-A1B85995A426}
	EndGlobalSection
EndGlobal
