
Microsoft Visual Studio Solution File, Format Version 12.00
# Visual Studio Version 17
VisualStudioVersion = 17.13.35825.156
MinimumVisualStudioVersion = 10.0.40219.1
Project("{FAE04EC0-301F-11D3-BF4B-00C04F79EFBC}") = "Paint_IP_proiect", "Paint_IP_proiect\Paint_IP_proiect.csproj", "{F4F11AB2-4047-4186-81AC-B022F0CE1250}"
EndProject
Project("{FAE04EC0-301F-11D3-BF4B-00C04F79EFBC}") = "UnitTestPaint", "UnitTestPaint\UnitTestPaint.csproj", "{0F04DE05-51C6-42AD-AD78-CF4DF9BABA04}"
EndProject
Global
	GlobalSection(SolutionConfigurationPlatforms) = preSolution
		Debug|Any CPU = Debug|Any CPU
		Release|Any CPU = Release|Any CPU
	EndGlobalSection
	GlobalSection(ProjectConfigurationPlatforms) = postSolution
		{F4F11AB2-4047-4186-81AC-B022F0CE1250}.Debug|Any CPU.ActiveCfg = Debug|Any CPU
		{F4F11AB2-4047-4186-81AC-B022F0CE1250}.Debug|Any CPU.Build.0 = Debug|Any CPU
		{F4F11AB2-4047-4186-81AC-B022F0CE1250}.Release|Any CPU.ActiveCfg = Release|Any CPU
		{F4F11AB2-4047-4186-81AC-B022F0CE1250}.Release|Any CPU.Build.0 = Release|Any CPU
		{0F04DE05-51C6-42AD-AD78-CF4DF9BABA04}.Debug|Any CPU.ActiveCfg = Debug|Any CPU
		{0F04DE05-51C6-42AD-AD78-CF4DF9BABA04}.Debug|Any CPU.Build.0 = Debug|Any CPU
		{0F04DE05-51C6-42AD-AD78-CF4DF9BABA04}.Release|Any CPU.ActiveCfg = Release|Any CPU
		{0F04DE05-51C6-42AD-AD78-CF4DF9BABA04}.Release|Any CPU.Build.0 = Release|Any CPU
	EndGlobalSection
	GlobalSection(SolutionProperties) = preSolution
		HideSolutionNode = FALSE
	EndGlobalSection
	GlobalSection(ExtensibilityGlobals) = postSolution
		SolutionGuid = {BFA6DBBC-AF31-4355-972C-DAA13F22811D}
	EndGlobalSection
EndGlobal
